
Microsoft Visual Studio Solution File, Format Version 12.00
# Visual Studio Version 17
VisualStudioVersion = 17.3.32929.385
MinimumVisualStudioVersion = 10.0.40219.1
Project("{FAE04EC0-301F-11D3-BF4B-00C04F79EFBC}") = "1zad-e", "1zad-e\1zad-e.csproj", "{86C331D7-437E-4476-B989-371EA7260B2A}"
EndProject
Global
	GlobalSection(SolutionConfigurationPlatforms) = preSolution
		Debug|Any CPU = Debug|Any CPU
		Release|Any CPU = Release|Any CPU
	EndGlobalSection
	GlobalSection(ProjectConfigurationPlatforms) = postSolution
		{86C331D7-437E-4476-B989-371EA7260B2A}.Debug|Any CPU.ActiveCfg = Debug|Any CPU
		{86C331D7-437E-4476-B989-371EA7260B2A}.Debug|Any CPU.Build.0 = Debug|Any CPU
		{86C331D7-437E-4476-B989-371EA7260B2A}.Release|Any CPU.ActiveCfg = Release|Any CPU
		{86C331D7-437E-4476-B989-371EA7260B2A}.Release|Any CPU.Build.0 = Release|Any CPU
	EndGlobalSection
	GlobalSection(SolutionProperties) = preSolution
		HideSolutionNode = FALSE
	EndGlobalSection
	GlobalSection(ExtensibilityGlobals) = postSolution
		SolutionGuid = {06641A47-1183-45C2-B9B8-9A46EE5E1E0B}
	EndGlobalSection
EndGlobal
